
Microsoft Visual Studio Solution File, Format Version 12.00
# Visual Studio Version 17
VisualStudioVersion = 17.9.34714.143
MinimumVisualStudioVersion = 10.0.40219.1
Project("{FAE04EC0-301F-11D3-BF4B-00C04F79EFBC}") = "TestProjSearch", "TestProjSearch\TestProjSearch.csproj", "{F1CC1472-4FE8-43FB-8ED7-DEC743A2F932}"
EndProject
Project("{FAE04EC0-301F-11D3-BF4B-00C04F79EFBC}") = "BussinesLayer", "BussinesLayer\BussinesLayer.csproj", "{8F134FFB-1791-467E-938B-634FF2D28DF8}"
EndProject
Global
	GlobalSection(SolutionConfigurationPlatforms) = preSolution
		Debug|Any CPU = Debug|Any CPU
		Release|Any CPU = Release|Any CPU
	EndGlobalSection
	GlobalSection(ProjectConfigurationPlatforms) = postSolution
		{F1CC1472-4FE8-43FB-8ED7-DEC743A2F932}.Debug|Any CPU.ActiveCfg = Debug|Any CPU
		{F1CC1472-4FE8-43FB-8ED7-DEC743A2F932}.Debug|Any CPU.Build.0 = Debug|Any CPU
		{F1CC1472-4FE8-43FB-8ED7-DEC743A2F932}.Release|Any CPU.ActiveCfg = Release|Any CPU
		{F1CC1472-4FE8-43FB-8ED7-DEC743A2F932}.Release|Any CPU.Build.0 = Release|Any CPU
		{8F134FFB-1791-467E-938B-634FF2D28DF8}.Debug|Any CPU.ActiveCfg = Debug|Any CPU
		{8F134FFB-1791-467E-938B-634FF2D28DF8}.Debug|Any CPU.Build.0 = Debug|Any CPU
		{8F134FFB-1791-467E-938B-634FF2D28DF8}.Release|Any CPU.ActiveCfg = Release|Any CPU
		{8F134FFB-1791-467E-938B-634FF2D28DF8}.Release|Any CPU.Build.0 = Release|Any CPU
	EndGlobalSection
	GlobalSection(SolutionProperties) = preSolution
		HideSolutionNode = FALSE
	EndGlobalSection
	GlobalSection(ExtensibilityGlobals) = postSolution
		SolutionGuid = {E205281B-552B-4012-9022-278216E3CE0A}
	EndGlobalSection
EndGlobal
